
Microsoft Visual Studio Solution File, Format Version 12.00
# Visual Studio 15
VisualStudioVersion = 15.0.28307.136
MinimumVisualStudioVersion = 10.0.40219.1
Project("{FAE04EC0-301F-11D3-BF4B-00C04F79EFBC}") = "ang_fin", "ang_fin\ang_fin.csproj", "{7A6B3D55-6FD4-4E6A-BD6A-0872DFAE6AAA}"
EndProject
Global
	GlobalSection(SolutionConfigurationPlatforms) = preSolution
		Debug|Any CPU = Debug|Any CPU
		Release|Any CPU = Release|Any CPU
	EndGlobalSection
	GlobalSection(ProjectConfigurationPlatforms) = postSolution
		{7A6B3D55-6FD4-4E6A-BD6A-0872DFAE6AAA}.Debug|Any CPU.ActiveCfg = Debug|Any CPU
		{7A6B3D55-6FD4-4E6A-BD6A-0872DFAE6AAA}.Debug|Any CPU.Build.0 = Debug|Any CPU
		{7A6B3D55-6FD4-4E6A-BD6A-0872DFAE6AAA}.Release|Any CPU.ActiveCfg = Release|Any CPU
		{7A6B3D55-6FD4-4E6A-BD6A-0872DFAE6AAA}.Release|Any CPU.Build.0 = Release|Any CPU
	EndGlobalSection
	GlobalSection(SolutionProperties) = preSolution
		HideSolutionNode = FALSE
	EndGlobalSection
	GlobalSection(ExtensibilityGlobals) = postSolution
		SolutionGuid = {596C192D-EDEC-4CFD-9A8B-7961E1BE49F9}
	EndGlobalSection
EndGlobal
